
Microsoft Visual Studio Solution File, Format Version 12.00
# Visual Studio Version 17
VisualStudioVersion = 17.5.33530.505
MinimumVisualStudioVersion = 10.0.40219.1
Project("{9A19103F-16F7-4668-BE54-9A1E7A4F7556}") = "BackendApi", "BackendApi.csproj", "{3E8E15CA-AE83-43DC-BEE5-40917A8C96E5}"
EndProject
Project("{9A19103F-16F7-4668-BE54-9A1E7A4F7556}") = "DataAccess", "..\DataAccess\DataAccess.csproj", "{B662E347-F606-47D0-9274-B68BEF1D1AF0}"
EndProject
Project("{9A19103F-16F7-4668-BE54-9A1E7A4F7556}") = "Domain", "..\Domain\Domain.csproj", "{9E3E9A89-EABF-4405-8654-B24E7A578606}"
EndProject
Project("{9A19103F-16F7-4668-BE54-9A1E7A4F7556}") = "BusinessLogic", "..\BusinessLogic\BusinessLogic.csproj", "{82437713-04CE-4AEA-8C3F-936776625B63}"
EndProject
Project("{2150E333-8FDC-42A3-9474-1A3956D46DE8}") = "Элементы решения", "Элементы решения", "{1FAEA3F4-D0A2-4734-B4F4-DB3455F63EF1}"
	ProjectSection(SolutionItems) = preProject
		.editorconfig = .editorconfig
	EndProjectSection
EndProject
Global
	GlobalSection(SolutionConfigurationPlatforms) = preSolution
		Debug|Any CPU = Debug|Any CPU
		Release|Any CPU = Release|Any CPU
	EndGlobalSection
	GlobalSection(ProjectConfigurationPlatforms) = postSolution
		{3E8E15CA-AE83-43DC-BEE5-40917A8C96E5}.Debug|Any CPU.ActiveCfg = Debug|Any CPU
		{3E8E15CA-AE83-43DC-BEE5-40917A8C96E5}.Debug|Any CPU.Build.0 = Debug|Any CPU
		{3E8E15CA-AE83-43DC-BEE5-40917A8C96E5}.Release|Any CPU.ActiveCfg = Release|Any CPU
		{3E8E15CA-AE83-43DC-BEE5-40917A8C96E5}.Release|Any CPU.Build.0 = Release|Any CPU
		{B662E347-F606-47D0-9274-B68BEF1D1AF0}.Debug|Any CPU.ActiveCfg = Debug|Any CPU
		{B662E347-F606-47D0-9274-B68BEF1D1AF0}.Debug|Any CPU.Build.0 = Debug|Any CPU
		{B662E347-F606-47D0-9274-B68BEF1D1AF0}.Release|Any CPU.ActiveCfg = Release|Any CPU
		{B662E347-F606-47D0-9274-B68BEF1D1AF0}.Release|Any CPU.Build.0 = Release|Any CPU
		{9E3E9A89-EABF-4405-8654-B24E7A578606}.Debug|Any CPU.ActiveCfg = Debug|Any CPU
		{9E3E9A89-EABF-4405-8654-B24E7A578606}.Debug|Any CPU.Build.0 = Debug|Any CPU
		{9E3E9A89-EABF-4405-8654-B24E7A578606}.Release|Any CPU.ActiveCfg = Release|Any CPU
		{9E3E9A89-EABF-4405-8654-B24E7A578606}.Release|Any CPU.Build.0 = Release|Any CPU
		{82437713-04CE-4AEA-8C3F-936776625B63}.Debug|Any CPU.ActiveCfg = Debug|Any CPU
		{82437713-04CE-4AEA-8C3F-936776625B63}.Debug|Any CPU.Build.0 = Debug|Any CPU
		{82437713-04CE-4AEA-8C3F-936776625B63}.Release|Any CPU.ActiveCfg = Release|Any CPU
		{82437713-04CE-4AEA-8C3F-936776625B63}.Release|Any CPU.Build.0 = Release|Any CPU
	EndGlobalSection
	GlobalSection(SolutionProperties) = preSolution
		HideSolutionNode = FALSE
	EndGlobalSection
	GlobalSection(ExtensibilityGlobals) = postSolution
		SolutionGuid = {73A1887B-301B-45EC-8412-DEF162142CA6}
	EndGlobalSection
EndGlobal
