
Microsoft Visual Studio Solution File, Format Version 12.00
# Visual Studio Version 17
VisualStudioVersion = 17.3.32922.545
MinimumVisualStudioVersion = 10.0.40219.1
Project("{FAE04EC0-301F-11D3-BF4B-00C04F79EFBC}") = "BotClient", "BotClient\BotClient.csproj", "{502D2648-962E-4E9D-8B7A-11F2D11E2340}"
EndProject
Global
	GlobalSection(SolutionConfigurationPlatforms) = preSolution
		Debug|Any CPU = Debug|Any CPU
		Release|Any CPU = Release|Any CPU
	EndGlobalSection
	GlobalSection(ProjectConfigurationPlatforms) = postSolution
		{502D2648-962E-4E9D-8B7A-11F2D11E2340}.Debug|Any CPU.ActiveCfg = Debug|Any CPU
		{502D2648-962E-4E9D-8B7A-11F2D11E2340}.Debug|Any CPU.Build.0 = Debug|Any CPU
		{502D2648-962E-4E9D-8B7A-11F2D11E2340}.Release|Any CPU.ActiveCfg = Release|Any CPU
		{502D2648-962E-4E9D-8B7A-11F2D11E2340}.Release|Any CPU.Build.0 = Release|Any CPU
	EndGlobalSection
	GlobalSection(SolutionProperties) = preSolution
		HideSolutionNode = FALSE
	EndGlobalSection
	GlobalSection(ExtensibilityGlobals) = postSolution
		SolutionGuid = {BBD7BB92-436E-4B5E-AF11-76948C4D644C}
	EndGlobalSection
EndGlobal
